
Microsoft Visual Studio Solution File, Format Version 12.00
# Visual Studio Version 16
VisualStudioVersion = 16.0.29519.181
MinimumVisualStudioVersion = 10.0.40219.1
Project("{FAE04EC0-301F-11D3-BF4B-00C04F79EFBC}") = "Task2", "Task2\Task2.csproj", "{10C16FC9-EF59-44EA-B64D-D0410E716036}"
EndProject
Project("{FAE04EC0-301F-11D3-BF4B-00C04F79EFBC}") = "Task3", "Task3\Task3.csproj", "{F47F4A21-CD9D-49B8-9599-5C851557DABB}"
EndProject
Project("{FAE04EC0-301F-11D3-BF4B-00C04F79EFBC}") = "Task4", "Task4\Task4.csproj", "{2CA0EAFE-277C-489E-B237-585D7D227656}"
EndProject
Global
	GlobalSection(SolutionConfigurationPlatforms) = preSolution
		Debug|Any CPU = Debug|Any CPU
		Release|Any CPU = Release|Any CPU
	EndGlobalSection
	GlobalSection(ProjectConfigurationPlatforms) = postSolution
		{10C16FC9-EF59-44EA-B64D-D0410E716036}.Debug|Any CPU.ActiveCfg = Debug|Any CPU
		{10C16FC9-EF59-44EA-B64D-D0410E716036}.Debug|Any CPU.Build.0 = Debug|Any CPU
		{10C16FC9-EF59-44EA-B64D-D0410E716036}.Release|Any CPU.ActiveCfg = Release|Any CPU
		{10C16FC9-EF59-44EA-B64D-D0410E716036}.Release|Any CPU.Build.0 = Release|Any CPU
		{F47F4A21-CD9D-49B8-9599-5C851557DABB}.Debug|Any CPU.ActiveCfg = Debug|Any CPU
		{F47F4A21-CD9D-49B8-9599-5C851557DABB}.Debug|Any CPU.Build.0 = Debug|Any CPU
		{F47F4A21-CD9D-49B8-9599-5C851557DABB}.Release|Any CPU.ActiveCfg = Release|Any CPU
		{F47F4A21-CD9D-49B8-9599-5C851557DABB}.Release|Any CPU.Build.0 = Release|Any CPU
		{2CA0EAFE-277C-489E-B237-585D7D227656}.Debug|Any CPU.ActiveCfg = Debug|Any CPU
		{2CA0EAFE-277C-489E-B237-585D7D227656}.Debug|Any CPU.Build.0 = Debug|Any CPU
		{2CA0EAFE-277C-489E-B237-585D7D227656}.Release|Any CPU.ActiveCfg = Release|Any CPU
		{2CA0EAFE-277C-489E-B237-585D7D227656}.Release|Any CPU.Build.0 = Release|Any CPU
	EndGlobalSection
	GlobalSection(SolutionProperties) = preSolution
		HideSolutionNode = FALSE
	EndGlobalSection
	GlobalSection(ExtensibilityGlobals) = postSolution
		SolutionGuid = {F02F11E1-D3AB-4E4A-9E5F-885047DC47C1}
	EndGlobalSection
EndGlobal
