
Microsoft Visual Studio Solution File, Format Version 12.00
# Visual Studio Version 16
VisualStudioVersion = 16.0.29613.14
MinimumVisualStudioVersion = 10.0.40219.1
Project("{FAE04EC0-301F-11D3-BF4B-00C04F79EFBC}") = "Task2", "Task2\Task2.csproj", "{1133904F-6428-441E-9A9A-8C3D02FED5EE}"
EndProject
Project("{FAE04EC0-301F-11D3-BF4B-00C04F79EFBC}") = "Task3", "Task3\Task3.csproj", "{71491E39-DA70-4D91-9409-1F9194DC31A0}"
EndProject
Project("{FAE04EC0-301F-11D3-BF4B-00C04F79EFBC}") = "AdditionalTask", "AdditionalTask\AdditionalTask.csproj", "{5D50C9BB-0AFC-4963-9706-F3601B03282D}"
EndProject
Global
	GlobalSection(SolutionConfigurationPlatforms) = preSolution
		Debug|Any CPU = Debug|Any CPU
		Release|Any CPU = Release|Any CPU
	EndGlobalSection
	GlobalSection(ProjectConfigurationPlatforms) = postSolution
		{1133904F-6428-441E-9A9A-8C3D02FED5EE}.Debug|Any CPU.ActiveCfg = Debug|Any CPU
		{1133904F-6428-441E-9A9A-8C3D02FED5EE}.Debug|Any CPU.Build.0 = Debug|Any CPU
		{1133904F-6428-441E-9A9A-8C3D02FED5EE}.Release|Any CPU.ActiveCfg = Release|Any CPU
		{1133904F-6428-441E-9A9A-8C3D02FED5EE}.Release|Any CPU.Build.0 = Release|Any CPU
		{71491E39-DA70-4D91-9409-1F9194DC31A0}.Debug|Any CPU.ActiveCfg = Debug|Any CPU
		{71491E39-DA70-4D91-9409-1F9194DC31A0}.Debug|Any CPU.Build.0 = Debug|Any CPU
		{71491E39-DA70-4D91-9409-1F9194DC31A0}.Release|Any CPU.ActiveCfg = Release|Any CPU
		{71491E39-DA70-4D91-9409-1F9194DC31A0}.Release|Any CPU.Build.0 = Release|Any CPU
		{5D50C9BB-0AFC-4963-9706-F3601B03282D}.Debug|Any CPU.ActiveCfg = Debug|Any CPU
		{5D50C9BB-0AFC-4963-9706-F3601B03282D}.Debug|Any CPU.Build.0 = Debug|Any CPU
		{5D50C9BB-0AFC-4963-9706-F3601B03282D}.Release|Any CPU.ActiveCfg = Release|Any CPU
		{5D50C9BB-0AFC-4963-9706-F3601B03282D}.Release|Any CPU.Build.0 = Release|Any CPU
	EndGlobalSection
	GlobalSection(SolutionProperties) = preSolution
		HideSolutionNode = FALSE
	EndGlobalSection
	GlobalSection(ExtensibilityGlobals) = postSolution
		SolutionGuid = {988F7929-A13E-44DD-AA35-4B3EF52453E2}
	EndGlobalSection
EndGlobal
