
Microsoft Visual Studio Solution File, Format Version 12.00
# Visual Studio Version 16
VisualStudioVersion = 16.0.29519.181
MinimumVisualStudioVersion = 10.0.40219.1
Project("{FAE04EC0-301F-11D3-BF4B-00C04F79EFBC}") = "Task2", "Task2\Task2.csproj", "{2E1720AA-92C1-4A2B-80FB-D22E29B44F84}"
EndProject
Project("{FAE04EC0-301F-11D3-BF4B-00C04F79EFBC}") = "AdditionalTask", "AdditionalTask\AdditionalTask.csproj", "{56A8E612-7D13-4A6A-8AC4-3835A39953EA}"
EndProject
Project("{FAE04EC0-301F-11D3-BF4B-00C04F79EFBC}") = "Task3", "Task3\Task3.csproj", "{9BE7A5C2-805E-425A-AD93-0AA397D4780B}"
EndProject
Project("{FAE04EC0-301F-11D3-BF4B-00C04F79EFBC}") = "Task4", "Task4\Task4.csproj", "{2AA1AC6E-72B1-4F60-9943-766E79218577}"
EndProject
Global
	GlobalSection(SolutionConfigurationPlatforms) = preSolution
		Debug|Any CPU = Debug|Any CPU
		Release|Any CPU = Release|Any CPU
	EndGlobalSection
	GlobalSection(ProjectConfigurationPlatforms) = postSolution
		{2E1720AA-92C1-4A2B-80FB-D22E29B44F84}.Debug|Any CPU.ActiveCfg = Debug|Any CPU
		{2E1720AA-92C1-4A2B-80FB-D22E29B44F84}.Debug|Any CPU.Build.0 = Debug|Any CPU
		{2E1720AA-92C1-4A2B-80FB-D22E29B44F84}.Release|Any CPU.ActiveCfg = Release|Any CPU
		{2E1720AA-92C1-4A2B-80FB-D22E29B44F84}.Release|Any CPU.Build.0 = Release|Any CPU
		{56A8E612-7D13-4A6A-8AC4-3835A39953EA}.Debug|Any CPU.ActiveCfg = Debug|Any CPU
		{56A8E612-7D13-4A6A-8AC4-3835A39953EA}.Debug|Any CPU.Build.0 = Debug|Any CPU
		{56A8E612-7D13-4A6A-8AC4-3835A39953EA}.Release|Any CPU.ActiveCfg = Release|Any CPU
		{56A8E612-7D13-4A6A-8AC4-3835A39953EA}.Release|Any CPU.Build.0 = Release|Any CPU
		{9BE7A5C2-805E-425A-AD93-0AA397D4780B}.Debug|Any CPU.ActiveCfg = Debug|Any CPU
		{9BE7A5C2-805E-425A-AD93-0AA397D4780B}.Debug|Any CPU.Build.0 = Debug|Any CPU
		{9BE7A5C2-805E-425A-AD93-0AA397D4780B}.Release|Any CPU.ActiveCfg = Release|Any CPU
		{9BE7A5C2-805E-425A-AD93-0AA397D4780B}.Release|Any CPU.Build.0 = Release|Any CPU
		{2AA1AC6E-72B1-4F60-9943-766E79218577}.Debug|Any CPU.ActiveCfg = Debug|Any CPU
		{2AA1AC6E-72B1-4F60-9943-766E79218577}.Debug|Any CPU.Build.0 = Debug|Any CPU
		{2AA1AC6E-72B1-4F60-9943-766E79218577}.Release|Any CPU.ActiveCfg = Release|Any CPU
		{2AA1AC6E-72B1-4F60-9943-766E79218577}.Release|Any CPU.Build.0 = Release|Any CPU
	EndGlobalSection
	GlobalSection(SolutionProperties) = preSolution
		HideSolutionNode = FALSE
	EndGlobalSection
	GlobalSection(ExtensibilityGlobals) = postSolution
		SolutionGuid = {B9C60486-45F2-41B6-A163-4B9F8CCEDF3A}
	EndGlobalSection
EndGlobal
