
Microsoft Visual Studio Solution File, Format Version 12.00
# Visual Studio Version 16
VisualStudioVersion = 16.0.29519.181
MinimumVisualStudioVersion = 10.0.40219.1
Project("{FAE04EC0-301F-11D3-BF4B-00C04F79EFBC}") = "Task2", "Task2\Task2.csproj", "{FC862A9C-D5DF-4D8D-8C57-50EAA0E26F91}"
EndProject
Project("{FAE04EC0-301F-11D3-BF4B-00C04F79EFBC}") = "Task3", "Task3\Task3.csproj", "{280E0CA4-9917-463A-8ECE-1AD66AD7582C}"
EndProject
Project("{FAE04EC0-301F-11D3-BF4B-00C04F79EFBC}") = "012_Document", "..\..\..\..\Downloads\Lessons\Esential\csharp-essential-materials\001_Classes\001_Classes\Classes9\012_Document.csproj", "{2C9348BF-4343-419A-BA45-4AE540881E94}"
EndProject
Global
	GlobalSection(SolutionConfigurationPlatforms) = preSolution
		Debug|Any CPU = Debug|Any CPU
		Debug|x86 = Debug|x86
		Release|Any CPU = Release|Any CPU
		Release|x86 = Release|x86
	EndGlobalSection
	GlobalSection(ProjectConfigurationPlatforms) = postSolution
		{FC862A9C-D5DF-4D8D-8C57-50EAA0E26F91}.Debug|Any CPU.ActiveCfg = Debug|Any CPU
		{FC862A9C-D5DF-4D8D-8C57-50EAA0E26F91}.Debug|Any CPU.Build.0 = Debug|Any CPU
		{FC862A9C-D5DF-4D8D-8C57-50EAA0E26F91}.Debug|x86.ActiveCfg = Debug|Any CPU
		{FC862A9C-D5DF-4D8D-8C57-50EAA0E26F91}.Debug|x86.Build.0 = Debug|Any CPU
		{FC862A9C-D5DF-4D8D-8C57-50EAA0E26F91}.Release|Any CPU.ActiveCfg = Release|Any CPU
		{FC862A9C-D5DF-4D8D-8C57-50EAA0E26F91}.Release|Any CPU.Build.0 = Release|Any CPU
		{FC862A9C-D5DF-4D8D-8C57-50EAA0E26F91}.Release|x86.ActiveCfg = Release|Any CPU
		{FC862A9C-D5DF-4D8D-8C57-50EAA0E26F91}.Release|x86.Build.0 = Release|Any CPU
		{280E0CA4-9917-463A-8ECE-1AD66AD7582C}.Debug|Any CPU.ActiveCfg = Debug|Any CPU
		{280E0CA4-9917-463A-8ECE-1AD66AD7582C}.Debug|Any CPU.Build.0 = Debug|Any CPU
		{280E0CA4-9917-463A-8ECE-1AD66AD7582C}.Debug|x86.ActiveCfg = Debug|Any CPU
		{280E0CA4-9917-463A-8ECE-1AD66AD7582C}.Debug|x86.Build.0 = Debug|Any CPU
		{280E0CA4-9917-463A-8ECE-1AD66AD7582C}.Release|Any CPU.ActiveCfg = Release|Any CPU
		{280E0CA4-9917-463A-8ECE-1AD66AD7582C}.Release|Any CPU.Build.0 = Release|Any CPU
		{280E0CA4-9917-463A-8ECE-1AD66AD7582C}.Release|x86.ActiveCfg = Release|Any CPU
		{280E0CA4-9917-463A-8ECE-1AD66AD7582C}.Release|x86.Build.0 = Release|Any CPU
		{2C9348BF-4343-419A-BA45-4AE540881E94}.Debug|Any CPU.ActiveCfg = Debug|x86
		{2C9348BF-4343-419A-BA45-4AE540881E94}.Debug|x86.ActiveCfg = Debug|x86
		{2C9348BF-4343-419A-BA45-4AE540881E94}.Debug|x86.Build.0 = Debug|x86
		{2C9348BF-4343-419A-BA45-4AE540881E94}.Release|Any CPU.ActiveCfg = Release|x86
		{2C9348BF-4343-419A-BA45-4AE540881E94}.Release|x86.ActiveCfg = Release|x86
		{2C9348BF-4343-419A-BA45-4AE540881E94}.Release|x86.Build.0 = Release|x86
	EndGlobalSection
	GlobalSection(SolutionProperties) = preSolution
		HideSolutionNode = FALSE
	EndGlobalSection
	GlobalSection(ExtensibilityGlobals) = postSolution
		SolutionGuid = {CB205E36-0187-4965-80D0-6B849B160F00}
	EndGlobalSection
EndGlobal
